
Microsoft Visual Studio Solution File, Format Version 12.00
# Visual Studio Version 17
VisualStudioVersion = 17.14.36301.6
MinimumVisualStudioVersion = 10.0.40219.1
Project("{FAE04EC0-301F-11D3-BF4B-00C04F79EFBC}") = "AzureFunctions.UI", "AzureFunctions.UI\AzureFunctions.UI.csproj", "{D814B6A8-DA8B-48CB-9F41-6713769046D1}"
EndProject
Project("{FAE04EC0-301F-11D3-BF4B-00C04F79EFBC}") = "AzureFunctions.Functions", "AzureFunctions.Functions\AzureFunctions.Functions.csproj", "{3FE05768-2683-4ABC-A3FA-B65F2C586737}"
EndProject
Global
	GlobalSection(SolutionConfigurationPlatforms) = preSolution
		Debug|Any CPU = Debug|Any CPU
		Release|Any CPU = Release|Any CPU
	EndGlobalSection
	GlobalSection(ProjectConfigurationPlatforms) = postSolution
		{D814B6A8-DA8B-48CB-9F41-6713769046D1}.Debug|Any CPU.ActiveCfg = Debug|Any CPU
		{D814B6A8-DA8B-48CB-9F41-6713769046D1}.Debug|Any CPU.Build.0 = Debug|Any CPU
		{D814B6A8-DA8B-48CB-9F41-6713769046D1}.Release|Any CPU.ActiveCfg = Release|Any CPU
		{D814B6A8-DA8B-48CB-9F41-6713769046D1}.Release|Any CPU.Build.0 = Release|Any CPU
		{3FE05768-2683-4ABC-A3FA-B65F2C586737}.Debug|Any CPU.ActiveCfg = Debug|Any CPU
		{3FE05768-2683-4ABC-A3FA-B65F2C586737}.Debug|Any CPU.Build.0 = Debug|Any CPU
		{3FE05768-2683-4ABC-A3FA-B65F2C586737}.Release|Any CPU.ActiveCfg = Release|Any CPU
		{3FE05768-2683-4ABC-A3FA-B65F2C586737}.Release|Any CPU.Build.0 = Release|Any CPU
	EndGlobalSection
	GlobalSection(SolutionProperties) = preSolution
		HideSolutionNode = FALSE
	EndGlobalSection
	GlobalSection(ExtensibilityGlobals) = postSolution
		SolutionGuid = {37A4F213-213E-4BA1-974F-1628E44B07B7}
	EndGlobalSection
EndGlobal
